
Microsoft Visual Studio Solution File, Format Version 12.00
# Visual Studio Version 17
VisualStudioVersion = 17.13.35931.197 d17.13
MinimumVisualStudioVersion = 10.0.40219.1
Project("{FAE04EC0-301F-11D3-BF4B-00C04F79EFBC}") = "Frases aleatorias", "Frases aleatorias\Frases aleatorias.csproj", "{DAEC5EAA-8893-4075-917A-97CE74B925E0}"
EndProject
Global
	GlobalSection(SolutionConfigurationPlatforms) = preSolution
		Debug|Any CPU = Debug|Any CPU
		Release|Any CPU = Release|Any CPU
	EndGlobalSection
	GlobalSection(ProjectConfigurationPlatforms) = postSolution
		{DAEC5EAA-8893-4075-917A-97CE74B925E0}.Debug|Any CPU.ActiveCfg = Debug|Any CPU
		{DAEC5EAA-8893-4075-917A-97CE74B925E0}.Debug|Any CPU.Build.0 = Debug|Any CPU
		{DAEC5EAA-8893-4075-917A-97CE74B925E0}.Debug|Any CPU.Deploy.0 = Debug|Any CPU
		{DAEC5EAA-8893-4075-917A-97CE74B925E0}.Release|Any CPU.ActiveCfg = Release|Any CPU
		{DAEC5EAA-8893-4075-917A-97CE74B925E0}.Release|Any CPU.Build.0 = Release|Any CPU
		{DAEC5EAA-8893-4075-917A-97CE74B925E0}.Release|Any CPU.Deploy.0 = Release|Any CPU
	EndGlobalSection
	GlobalSection(SolutionProperties) = preSolution
		HideSolutionNode = FALSE
	EndGlobalSection
	GlobalSection(ExtensibilityGlobals) = postSolution
		SolutionGuid = {2EAAE2C7-D015-4A83-97B6-CB3C3CA7E214}
	EndGlobalSection
EndGlobal
